
Microsoft Visual Studio Solution File, Format Version 12.00
# Visual Studio Version 16
VisualStudioVersion = 16.0.29806.167
MinimumVisualStudioVersion = 10.0.40219.1
Project("{E24C65DC-7377-472B-9ABA-BC803B73C61A}") = "WebService", ".", "{5582795D-4B23-41CA-B950-BCC28150A2EE}"
	ProjectSection(WebsiteProperties) = preProject
		TargetFrameworkMoniker = ".NETFramework,Version%3Dv4.7.2"
		Debug.AspNetCompiler.VirtualPath = "/localhost_52135"
		Debug.AspNetCompiler.PhysicalPath = "..\WebService\"
		Debug.AspNetCompiler.TargetPath = "PrecompiledWeb\localhost_52135\"
		Debug.AspNetCompiler.Updateable = "true"
		Debug.AspNetCompiler.ForceOverwrite = "true"
		Debug.AspNetCompiler.FixedNames = "false"
		Debug.AspNetCompiler.Debug = "True"
		Release.AspNetCompiler.VirtualPath = "/localhost_52135"
		Release.AspNetCompiler.PhysicalPath = "..\WebService\"
		Release.AspNetCompiler.TargetPath = "PrecompiledWeb\localhost_52135\"
		Release.AspNetCompiler.Updateable = "true"
		Release.AspNetCompiler.ForceOverwrite = "true"
		Release.AspNetCompiler.FixedNames = "false"
		Release.AspNetCompiler.Debug = "False"
		VWDPort = "52135"
		SlnRelativePath = "..\WebService\"
		DefaultWebSiteLanguage = "Visual C#"
	EndProjectSection
EndProject
Global
	GlobalSection(SolutionConfigurationPlatforms) = preSolution
		Debug|Any CPU = Debug|Any CPU
	EndGlobalSection
	GlobalSection(ProjectConfigurationPlatforms) = postSolution
		{5582795D-4B23-41CA-B950-BCC28150A2EE}.Debug|Any CPU.ActiveCfg = Debug|Any CPU
		{5582795D-4B23-41CA-B950-BCC28150A2EE}.Debug|Any CPU.Build.0 = Debug|Any CPU
	EndGlobalSection
	GlobalSection(SolutionProperties) = preSolution
		HideSolutionNode = FALSE
	EndGlobalSection
	GlobalSection(ExtensibilityGlobals) = postSolution
		SolutionGuid = {824E2B50-564C-431D-AA34-7CE30A593FF0}
	EndGlobalSection
EndGlobal
